<?xml version="1.0" encoding="utf-8"?>
<Project ToolsVersion="4.0" xmlns="http://schemas.microsoft.com/developer/msbuild/2003">
  <ItemGroup>
    <Filter Include="Исходные файлы">
      <UniqueIdentifier>{4FC737F1-C7A5-4376-A066-2A32D752A2FF}</UniqueIdentifier>
      <Extensions>cpp;c;cc;cxx;c++;cppm;ixx;def;odl;idl;hpj;bat;asm;asmx</Extensions>
    </Filter>
    <Filter Include="Файлы заголовков">
      <UniqueIdentifier>{93995380-89BD-4b04-88EB-625FBE52EBFB}</UniqueIdentifier>
      <Extensions>h;hh;hpp;hxx;h++;hm;inl;inc;ipp;xsd</Extensions>
    </Filter>
    <Filter Include="Файлы ресурсов">
      <UniqueIdentifier>{67DA6AB6-F800-4c08-8B7A-83BB121AAD01}</UniqueIdentifier>
      <Extensions>rc;ico;cur;bmp;dlg;rc2;rct;bin;rgs;gif;jpg;jpeg;jpe;resx;tiff;tif;png;wav;mfcribbon-ms</Extensions>
    </Filter>
    <Filter Include="Исходные файлы\AllToDraw">
      <UniqueIdentifier>{c38dc17a-bbd0-4470-bc59-aef21a99e6cd}</UniqueIdentifier>
    </Filter>
    <Filter Include="Исходные файлы\Objects">
      <UniqueIdentifier>{45aca09e-facd-428e-b19e-2d142a031675}</UniqueIdentifier>
    </Filter>
    <Filter Include="Исходные файлы\Game">
      <UniqueIdentifier>{b8315a06-736e-43a0-a424-2b6cf0a14a5b}</UniqueIdentifier>
    </Filter>
    <Filter Include="Исходные файлы\AllToDraw\Ncurses">
      <UniqueIdentifier>{d4907273-e893-45d0-bde2-da1ecc06e1a5}</UniqueIdentifier>
    </Filter>
  </ItemGroup>
  <ItemGroup>
    <ClCompile Include="main.cpp">
      <Filter>Исходные файлы</Filter>
    </ClCompile>
    <ClCompile Include="DrawEngine.cpp">
      <Filter>Исходные файлы\AllToDraw</Filter>
    </ClCompile>
    <ClCompile Include="Route+Coordinate.cpp">
      <Filter>Исходные файлы\AllToDraw</Filter>
    </ClCompile>
    <ClCompile Include="Object.cpp">
      <Filter>Исходные файлы\Objects</Filter>
    </ClCompile>
    <ClCompile Include="Storage.cpp">
      <Filter>Исходные файлы\AllToDraw</Filter>
    </ClCompile>
    <ClCompile Include="Heroe.cpp">
      <Filter>Исходные файлы\Objects</Filter>
    </ClCompile>
    <ClCompile Include="Enemy.cpp">
      <Filter>Исходные файлы\Objects</Filter>
    </ClCompile>
    <ClCompile Include="Game.cpp">
      <Filter>Исходные файлы\Game</Filter>
    </ClCompile>
    <ClCompile Include="Voltage.cpp">
      <Filter>Исходные файлы\Objects</Filter>
    </ClCompile>
  </ItemGroup>
  <ItemGroup>
    <ClInclude Include="resource.h">
      <Filter>Файлы заголовков</Filter>
    </ClInclude>
    <ClInclude Include="DrawEngine.h">
      <Filter>Исходные файлы\AllToDraw</Filter>
    </ClInclude>
    <ClInclude Include="Route+Coordinate.h">
      <Filter>Исходные файлы\AllToDraw</Filter>
    </ClInclude>
    <ClInclude Include="Object.h">
      <Filter>Исходные файлы\Objects</Filter>
    </ClInclude>
    <ClInclude Include="Storage.h">
      <Filter>Исходные файлы\AllToDraw</Filter>
    </ClInclude>
    <ClInclude Include="Colors_of_Textures.h">
      <Filter>Исходные файлы\AllToDraw</Filter>
    </ClInclude>
    <ClInclude Include="Heroe.h">
      <Filter>Исходные файлы\Objects</Filter>
    </ClInclude>
    <ClInclude Include="Enemy.h">
      <Filter>Исходные файлы\Objects</Filter>
    </ClInclude>
    <ClInclude Include="D:\Programs\PDCurses-master\curses.h">
      <Filter>Исходные файлы\AllToDraw\Ncurses</Filter>
    </ClInclude>
    <ClInclude Include="Game.h">
      <Filter>Исходные файлы\Game</Filter>
    </ClInclude>
    <ClInclude Include="Voltage.h">
      <Filter>Исходные файлы\Objects</Filter>
    </ClInclude>
  </ItemGroup>
  <ItemGroup>
    <ResourceCompile Include="GAME.rc">
      <Filter>Файлы ресурсов</Filter>
    </ResourceCompile>
  </ItemGroup>
  <ItemGroup>
    <Library Include="D:\Programs\PDCurses-master\wincon\pdcurses.lib">
      <Filter>Исходные файлы\AllToDraw\Ncurses</Filter>
    </Library>
  </ItemGroup>
</Project>